
Microsoft Visual Studio Solution File, Format Version 12.00
# Visual Studio Version 16
VisualStudioVersion = 16.0.31605.320
MinimumVisualStudioVersion = 10.0.40219.1
Project("{FAE04EC0-301F-11D3-BF4B-00C04F79EFBC}") = "JSON Deserializing Demo", "JSON Deserializing Demo\JSON Deserializing Demo.csproj", "{353316D2-3CC5-493F-B875-11B80C47EE06}"
EndProject
Global
	GlobalSection(SolutionConfigurationPlatforms) = preSolution
		Debug|Any CPU = Debug|Any CPU
		Release|Any CPU = Release|Any CPU
	EndGlobalSection
	GlobalSection(ProjectConfigurationPlatforms) = postSolution
		{353316D2-3CC5-493F-B875-11B80C47EE06}.Debug|Any CPU.ActiveCfg = Debug|Any CPU
		{353316D2-3CC5-493F-B875-11B80C47EE06}.Debug|Any CPU.Build.0 = Debug|Any CPU
		{353316D2-3CC5-493F-B875-11B80C47EE06}.Release|Any CPU.ActiveCfg = Release|Any CPU
		{353316D2-3CC5-493F-B875-11B80C47EE06}.Release|Any CPU.Build.0 = Release|Any CPU
	EndGlobalSection
	GlobalSection(SolutionProperties) = preSolution
		HideSolutionNode = FALSE
	EndGlobalSection
	GlobalSection(ExtensibilityGlobals) = postSolution
		SolutionGuid = {7F3A76FA-AD4D-46D5-9ECE-7C6006777644}
	EndGlobalSection
EndGlobal
